// !$*UTF8*$!
{
	archiveVersion = 1;
	classes = {
	};
	objectVersion = 50;
	objects = {

/* Begin PBXBuildFile section */
		34E44BC52206C29900BEE26C /* AppDelegate.swift in Sources */ = {isa = PBXBuildFile; fileRef = 34E44BC42206C29900BEE26C /* AppDelegate.swift */; };
		34E44BCA2206C29900BEE26C /* Main.storyboard in Resources */ = {isa = PBXBuildFile; fileRef = 34E44BC82206C29900BEE26C /* Main.storyboard */; };
		34E44BCD2206C29900BEE26C /* Weather.xcdatamodeld in Sources */ = {isa = PBXBuildFile; fileRef = 34E44BCB2206C29900BEE26C /* Weather.xcdatamodeld */; };
		34E44BCF2206C29F00BEE26C /* Assets.xcassets in Resources */ = {isa = PBXBuildFile; fileRef = 34E44BCE2206C29F00BEE26C /* Assets.xcassets */; };
		34E44BD22206C29F00BEE26C /* LaunchScreen.storyboard in Resources */ = {isa = PBXBuildFile; fileRef = 34E44BD02206C29F00BEE26C /* LaunchScreen.storyboard */; };
		34E44BDA2206CFD200BEE26C /* Constants.swift in Sources */ = {isa = PBXBuildFile; fileRef = 34E44BD92206CFD200BEE26C /* Constants.swift */; };
		34E44BDC2206D00000BEE26C /* Location.swift in Sources */ = {isa = PBXBuildFile; fileRef = 34E44BDB2206D00000BEE26C /* Location.swift */; };
		34E44BDE2206D1C800BEE26C /* WeatherViewController.swift in Sources */ = {isa = PBXBuildFile; fileRef = 34E44BDD2206D1C800BEE26C /* WeatherViewController.swift */; };
		34E44BE22206EF3700BEE26C /* DetailsViewController.swift in Sources */ = {isa = PBXBuildFile; fileRef = 34E44BE12206EF3700BEE26C /* DetailsViewController.swift */; };
		518C86F899880CABD278C828 /* Pods_Weather.framework in Frameworks */ = {isa = PBXBuildFile; fileRef = 738AB68AF816562780108DAC /* Pods_Weather.framework */; };
/* End PBXBuildFile section */

/* Begin PBXFileReference section */
		34E44BC12206C29900BEE26C /* Weather.app */ = {isa = PBXFileReference; explicitFileType = wrapper.application; includeInIndex = 0; path = Weather.app; sourceTree = BUILT_PRODUCTS_DIR; };
		34E44BC42206C29900BEE26C /* AppDelegate.swift */ = {isa = PBXFileReference; lastKnownFileType = sourcecode.swift; path = AppDelegate.swift; sourceTree = "<group>"; };
		34E44BC92206C29900BEE26C /* Base */ = {isa = PBXFileReference; lastKnownFileType = file.storyboard; name = Base; path = Base.lproj/Main.storyboard; sourceTree = "<group>"; };
		34E44BCC2206C29900BEE26C /* Weather.xcdatamodel */ = {isa = PBXFileReference; lastKnownFileType = wrapper.xcdatamodel; path = Weather.xcdatamodel; sourceTree = "<group>"; };
		34E44BCE2206C29F00BEE26C /* Assets.xcassets */ = {isa = PBXFileReference; lastKnownFileType = folder.assetcatalog; path = Assets.xcassets; sourceTree = "<group>"; };
		34E44BD12206C29F00BEE26C /* Base */ = {isa = PBXFileReference; lastKnownFileType = file.storyboard; name = Base; path = Base.lproj/LaunchScreen.storyboard; sourceTree = "<group>"; };
		34E44BD32206C29F00BEE26C /* Info.plist */ = {isa = PBXFileReference; lastKnownFileType = text.plist.xml; path = Info.plist; sourceTree = "<group>"; };
		34E44BD92206CFD200BEE26C /* Constants.swift */ = {isa = PBXFileReference; lastKnownFileType = sourcecode.swift; path = Constants.swift; sourceTree = "<group>"; };
		34E44BDB2206D00000BEE26C /* Location.swift */ = {isa = PBXFileReference; lastKnownFileType = sourcecode.swift; path = Location.swift; sourceTree = "<group>"; };
		34E44BDD2206D1C800BEE26C /* WeatherViewController.swift */ = {isa = PBXFileReference; fileEncoding = 4; lastKnownFileType = sourcecode.swift; path = WeatherViewController.swift; sourceTree = "<group>"; };
		34E44BE12206EF3700BEE26C /* DetailsViewController.swift */ = {isa = PBXFileReference; lastKnownFileType = sourcecode.swift; path = DetailsViewController.swift; sourceTree = "<group>"; };
		3AF1CF2FA9DB1D807136B658 /* Pods-Weather.debug.xcconfig */ = {isa = PBXFileReference; includeInIndex = 1; lastKnownFileType = text.xcconfig; name = "Pods-Weather.debug.xcconfig"; path = "Pods/Target Support Files/Pods-Weather/Pods-Weather.debug.xcconfig"; sourceTree = "<group>"; };
		738AB68AF816562780108DAC /* Pods_Weather.framework */ = {isa = PBXFileReference; explicitFileType = wrapper.framework; includeInIndex = 0; path = Pods_Weather.framework; sourceTree = BUILT_PRODUCTS_DIR; };
		ECF91E48BEA37F9AA28F0A15 /* Pods-Weather.release.xcconfig */ = {isa = PBXFileReference; includeInIndex = 1; lastKnownFileType = text.xcconfig; name = "Pods-Weather.release.xcconfig"; path = "Pods/Target Support Files/Pods-Weather/Pods-Weather.release.xcconfig"; sourceTree = "<group>"; };
/* End PBXFileReference section */

/* Begin PBXFrameworksBuildPhase section */
		34E44BBE2206C29900BEE26C /* Frameworks */ = {
			isa = PBXFrameworksBuildPhase;
			buildActionMask = 2147483647;
			files = (
				518C86F899880CABD278C828 /* Pods_Weather.framework in Frameworks */,
			);
			runOnlyForDeploymentPostprocessing = 0;
		};
/* End PBXFrameworksBuildPhase section */

/* Begin PBXGroup section */
		1EDBCF10396192CC72A8D662 /* Frameworks */ = {
			isa = PBXGroup;
			children = (
				738AB68AF816562780108DAC /* Pods_Weather.framework */,
			);
			name = Frameworks;
			sourceTree = "<group>";
		};
		34E44BB82206C29900BEE26C = {
			isa = PBXGroup;
			children = (
				34E44BC32206C29900BEE26C /* Weather */,
				34E44BC22206C29900BEE26C /* Products */,
				4B91CAFD9038929A700206E8 /* Pods */,
				1EDBCF10396192CC72A8D662 /* Frameworks */,
			);
			sourceTree = "<group>";
		};
		34E44BC22206C29900BEE26C /* Products */ = {
			isa = PBXGroup;
			children = (
				34E44BC12206C29900BEE26C /* Weather.app */,
			);
			name = Products;
			sourceTree = "<group>";
		};
		34E44BC32206C29900BEE26C /* Weather */ = {
			isa = PBXGroup;
			children = (
				34E44BC42206C29900BEE26C /* AppDelegate.swift */,
				34E44BE42207019A00BEE26C /* Constants */,
				34E44BE32207017E00BEE26C /* Model */,
				34E44BE5220701A700BEE26C /* Controller */,
				34E44BE6220701B100BEE26C /* View */,
				34E44BCE2206C29F00BEE26C /* Assets.xcassets */,
				34E44BD02206C29F00BEE26C /* LaunchScreen.storyboard */,
				34E44BD32206C29F00BEE26C /* Info.plist */,
				34E44BCB2206C29900BEE26C /* Weather.xcdatamodeld */,
			);
			path = Weather;
			sourceTree = "<group>";
		};
		34E44BE32207017E00BEE26C /* Model */ = {
			isa = PBXGroup;
			children = (
				34E44BDB2206D00000BEE26C /* Location.swift */,
			);
			path = Model;
			sourceTree = "<group>";
		};
		34E44BE42207019A00BEE26C /* Constants */ = {
			isa = PBXGroup;
			children = (
				34E44BD92206CFD200BEE26C /* Constants.swift */,
			);
			path = Constants;
			sourceTree = "<group>";
		};
		34E44BE5220701A700BEE26C /* Controller */ = {
			isa = PBXGroup;
			children = (
				34E44BDD2206D1C800BEE26C /* WeatherViewController.swift */,
				34E44BE12206EF3700BEE26C /* DetailsViewController.swift */,
			);
			path = Controller;
			sourceTree = "<group>";
		};
		34E44BE6220701B100BEE26C /* View */ = {
			isa = PBXGroup;
			children = (
				34E44BC82206C29900BEE26C /* Main.storyboard */,
			);
			path = View;
			sourceTree = "<group>";
		};
		4B91CAFD9038929A700206E8 /* Pods */ = {
			isa = PBXGroup;
			children = (
				3AF1CF2FA9DB1D807136B658 /* Pods-Weather.debug.xcconfig */,
				ECF91E48BEA37F9AA28F0A15 /* Pods-Weather.release.xcconfig */,
			);
			name = Pods;
			sourceTree = "<group>";
		};
/* End PBXGroup section */

/* Begin PBXNativeTarget section */
		34E44BC02206C29900BEE26C /* Weather */ = {
			isa = PBXNativeTarget;
			buildConfigurationList = 34E44BD62206C29F00BEE26C /* Build configuration list for PBXNativeTarget "Weather" */;
			buildPhases = (
				6022D14C716701F1425F19A7 /* [CP] Check Pods Manifest.lock */,
				34E44BBD2206C29900BEE26C /* Sources */,
				34E44BBE2206C29900BEE26C /* Frameworks */,
				34E44BBF2206C29900BEE26C /* Resources */,
				903D72390B359075F008C451 /* [CP] Embed Pods Frameworks */,
			);
			buildRules = (
			);
			dependencies = (
			);
			name = Weather;
			productName = Weather;
			productReference = 34E44BC12206C29900BEE26C /* Weather.app */;
			productType = "com.apple.product-type.application";
		};
/* End PBXNativeTarget section */

/* Begin PBXProject section */
		34E44BB92206C29900BEE26C /* Project object */ = {
			isa = PBXProject;
			attributes = {
				LastSwiftUpdateCheck = 1010;
				LastUpgradeCheck = 1010;
				ORGANIZATIONNAME = "Bimalesh Sahoo";
				TargetAttributes = {
					34E44BC02206C29900BEE26C = {
						CreatedOnToolsVersion = 10.1;
					};
				};
			};
			buildConfigurationList = 34E44BBC2206C29900BEE26C /* Build configuration list for PBXProject "Weather" */;
			compatibilityVersion = "Xcode 9.3";
			developmentRegion = en;
			hasScannedForEncodings = 0;
			knownRegions = (
				en,
				Base,
			);
			mainGroup = 34E44BB82206C29900BEE26C;
			productRefGroup = 34E44BC22206C29900BEE26C /* Products */;
			projectDirPath = "";
			projectRoot = "";
			targets = (
				34E44BC02206C29900BEE26C /* Weather */,
			);
		};
/* End PBXProject section */

/* Begin PBXResourcesBuildPhase section */
		34E44BBF2206C29900BEE26C /* Resources */ = {
			isa = PBXResourcesBuildPhase;
			buildActionMask = 2147483647;
			files = (
				34E44BD22206C29F00BEE26C /* LaunchScreen.storyboard in Resources */,
				34E44BCF2206C29F00BEE26C /* Assets.xcassets in Resources */,
				34E44BCA2206C29900BEE26C /* Main.storyboard in Resources */,
			);
			runOnlyForDeploymentPostprocessing = 0;
		};
/* End PBXResourcesBuildPhase section */

/* Begin PBXShellScriptBuildPhase section */
		6022D14C716701F1425F19A7 /* [CP] Check Pods Manifest.lock */ = {
			isa = PBXShellScriptBuildPhase;
			buildActionMask = 2147483647;
			files = (
			);
			inputFileListPaths = (
			);
			inputPaths = (
				"${PODS_PODFILE_DIR_PATH}/Podfile.lock",
				"${PODS_ROOT}/Manifest.lock",
			);
			name = "[CP] Check Pods Manifest.lock";
			outputFileListPaths = (
			);
			outputPaths = (
				"$(DERIVED_FILE_DIR)/Pods-Weather-checkManifestLockResult.txt",
			);
			runOnlyForDeploymentPostprocessing = 0;
			shellPath = /bin/sh;
			shellScript = "diff \"${PODS_PODFILE_DIR_PATH}/Podfile.lock\" \"${PODS_ROOT}/Manifest.lock\" > /dev/null\nif [ $? != 0 ] ; then\n    # print error to STDERR\n    echo \"error: The sandbox is not in sync with the Podfile.lock. Run 'pod install' or update your CocoaPods installation.\" >&2\n    exit 1\nfi\n# This output is used by Xcode 'outputs' to avoid re-running this script phase.\necho \"SUCCESS\" > \"${SCRIPT_OUTPUT_FILE_0}\"\n";
			showEnvVarsInLog = 0;
		};
		903D72390B359075F008C451 /* [CP] Embed Pods Frameworks */ = {
			isa = PBXShellScriptBuildPhase;
			buildActionMask = 2147483647;
			files = (
			);
			inputFileListPaths = (
			);
			inputPaths = (
				"${SRCROOT}/Pods/Target Support Files/Pods-Weather/Pods-Weather-frameworks.sh",
				"${BUILT_PRODUCTS_DIR}/Alamofire/Alamofire.framework",
				"${BUILT_PRODUCTS_DIR}/SwiftyJSON/SwiftyJSON.framework",
			);
			name = "[CP] Embed Pods Frameworks";
			outputFileListPaths = (
			);
			outputPaths = (
				"${TARGET_BUILD_DIR}/${FRAMEWORKS_FOLDER_PATH}/Alamofire.framework",
				"${TARGET_BUILD_DIR}/${FRAMEWORKS_FOLDER_PATH}/SwiftyJSON.framework",
			);
			runOnlyForDeploymentPostprocessing = 0;
			shellPath = /bin/sh;
			shellScript = "\"${SRCROOT}/Pods/Target Support Files/Pods-Weather/Pods-Weather-frameworks.sh\"\n";
			showEnvVarsInLog = 0;
		};
/* End PBXShellScriptBuildPhase section */

/* Begin PBXSourcesBuildPhase section */
		34E44BBD2206C29900BEE26C /* Sources */ = {
			isa = PBXSourcesBuildPhase;
			buildActionMask = 2147483647;
			files = (
				34E44BCD2206C29900BEE26C /* Weather.xcdatamodeld in Sources */,
				34E44BDE2206D1C800BEE26C /* WeatherViewController.swift in Sources */,
				34E44BDC2206D00000BEE26C /* Location.swift in Sources */,
				34E44BC52206C29900BEE26C /* AppDelegate.swift in Sources */,
				34E44BDA2206CFD200BEE26C /* Constants.swift in Sources */,
				34E44BE22206EF3700BEE26C /* DetailsViewController.swift in Sources */,
			);
			runOnlyForDeploymentPostprocessing = 0;
		};
/* End PBXSourcesBuildPhase section */

/* Begin PBXVariantGroup section */
		34E44BC82206C29900BEE26C /* Main.storyboard */ = {
			isa = PBXVariantGroup;
			children = (
				34E44BC92206C29900BEE26C /* Base */,
			);
			name = Main.storyboard;
			sourceTree = "<group>";
		};
		34E44BD02206C29F00BEE26C /* LaunchScreen.storyboard */ = {
			isa = PBXVariantGroup;
			children = (
				34E44BD12206C29F00BEE26C /* Base */,
			);
			name = LaunchScreen.storyboard;
			sourceTree = "<group>";
		};
/* End PBXVariantGroup section */

/* Begin XCBuildConfiguration section */
		34E44BD42206C29F00BEE26C /* Debug */ = {
			isa = XCBuildConfiguration;
			buildSettings = {
				ALWAYS_SEARCH_USER_PATHS = NO;
				CLANG_ANALYZER_NONNULL = YES;
				CLANG_ANALYZER_NUMBER_OBJECT_CONVERSION = YES_AGGRESSIVE;
				CLANG_CXX_LANGUAGE_STANDARD = "gnu++14";
				CLANG_CXX_LIBRARY = "libc++";
				CLANG_ENABLE_MODULES = YES;
				CLANG_ENABLE_OBJC_ARC = YES;
				CLANG_ENABLE_OBJC_WEAK = YES;
				CLANG_WARN_BLOCK_CAPTURE_AUTORELEASING = YES;
				CLANG_WARN_BOOL_CONVERSION = YES;
				CLANG_WARN_COMMA = YES;
				CLANG_WARN_CONSTANT_CONVERSION = YES;
				CLANG_WARN_DEPRECATED_OBJC_IMPLEMENTATIONS = YES;
				CLANG_WARN_DIRECT_OBJC_ISA_USAGE = YES_ERROR;
				CLANG_WARN_DOCUMENTATION_COMMENTS = YES;
				CLANG_WARN_EMPTY_BODY = YES;
				CLANG_WARN_ENUM_CONVERSION = YES;
				CLANG_WARN_INFINITE_RECURSION = YES;
				CLANG_WARN_INT_CONVERSION = YES;
				CLANG_WARN_NON_LITERAL_NULL_CONVERSION = YES;
				CLANG_WARN_OBJC_IMPLICIT_RETAIN_SELF = YES;
				CLANG_WARN_OBJC_LITERAL_CONVERSION = YES;
				CLANG_WARN_OBJC_ROOT_CLASS = YES_ERROR;
				CLANG_WARN_RANGE_LOOP_ANALYSIS = YES;
				CLANG_WARN_STRICT_PROTOTYPES = YES;
				CLANG_WARN_SUSPICIOUS_MOVE = YES;
				CLANG_WARN_UNGUARDED_AVAILABILITY = YES_AGGRESSIVE;
				CLANG_WARN_UNREACHABLE_CODE = YES;
				CLANG_WARN__DUPLICATE_METHOD_MATCH = YES;
				CODE_SIGN_IDENTITY = "iPhone Developer";
				COPY_PHASE_STRIP = NO;
				DEBUG_INFORMATION_FORMAT = dwarf;
				ENABLE_STRICT_OBJC_MSGSEND = YES;
				ENABLE_TESTABILITY = YES;
				GCC_C_LANGUAGE_STANDARD = gnu11;
				GCC_DYNAMIC_NO_PIC = NO;
				GCC_NO_COMMON_BLOCKS = YES;
				GCC_OPTIMIZATION_LEVEL = 0;
				GCC_PREPROCESSOR_DEFINITIONS = (
					"DEBUG=1",
					"$(inherited)",
				);
				GCC_WARN_64_TO_32_BIT_CONVERSION = YES;
				GCC_WARN_ABOUT_RETURN_TYPE = YES_ERROR;
				GCC_WARN_UNDECLARED_SELECTOR = YES;
				GCC_WARN_UNINITIALIZED_AUTOS = YES_AGGRESSIVE;
				GCC_WARN_UNUSED_FUNCTION = YES;
				GCC_WARN_UNUSED_VARIABLE = YES;
				IPHONEOS_DEPLOYMENT_TARGET = 12.1;
				MTL_ENABLE_DEBUG_INFO = INCLUDE_SOURCE;
				MTL_FAST_MATH = YES;
				ONLY_ACTIVE_ARCH = YES;
				SDKROOT = iphoneos;
				SWIFT_ACTIVE_COMPILATION_CONDITIONS = DEBUG;
				SWIFT_OPTIMIZATION_LEVEL = "-Onone";
			};
			name = Debug;
		};
		34E44BD52206C29F00BEE26C /* Release */ = {
			isa = XCBuildConfiguration;
			buildSettings = {
				ALWAYS_SEARCH_USER_PATHS = NO;
				CLANG_ANALYZER_NONNULL = YES;
				CLANG_ANALYZER_NUMBER_OBJECT_CONVERSION = YES_AGGRESSIVE;
				CLANG_CXX_LANGUAGE_STANDARD = "gnu++14";
				CLANG_CXX_LIBRARY = "libc++";
				CLANG_ENABLE_MODULES = YES;
				CLANG_ENABLE_OBJC_ARC = YES;
				CLANG_ENABLE_OBJC_WEAK = YES;
				CLANG_WARN_BLOCK_CAPTURE_AUTORELEASING = YES;
				CLANG_WARN_BOOL_CONVERSION = YES;
				CLANG_WARN_COMMA = YES;
				CLANG_WARN_CONSTANT_CONVERSION = YES;
				CLANG_WARN_DEPRECATED_OBJC_IMPLEMENTATIONS = YES;
				CLANG_WARN_DIRECT_OBJC_ISA_USAGE = YES_ERROR;
				CLANG_WARN_DOCUMENTATION_COMMENTS = YES;
				CLANG_WARN_EMPTY_BODY = YES;
				CLANG_WARN_ENUM_CONVERSION = YES;
				CLANG_WARN_INFINITE_RECURSION = YES;
				CLANG_WARN_INT_CONVERSION = YES;
				CLANG_WARN_NON_LITERAL_NULL_CONVERSION = YES;
				CLANG_WARN_OBJC_IMPLICIT_RETAIN_SELF = YES;
				CLANG_WARN_OBJC_LITERAL_CONVERSION = YES;
				CLANG_WARN_OBJC_ROOT_CLASS = YES_ERROR;
				CLANG_WARN_RANGE_LOOP_ANALYSIS = YES;
				CLANG_WARN_STRICT_PROTOTYPES = YES;
				CLANG_WARN_SUSPICIOUS_MOVE = YES;
				CLANG_WARN_UNGUARDED_AVAILABILITY = YES_AGGRESSIVE;
				CLANG_WARN_UNREACHABLE_CODE = YES;
				CLANG_WARN__DUPLICATE_METHOD_MATCH = YES;
				CODE_SIGN_IDENTITY = "iPhone Developer";
				COPY_PHASE_STRIP = NO;
				DEBUG_INFORMATION_FORMAT = "dwarf-with-dsym";
				ENABLE_NS_ASSERTIONS = NO;
				ENABLE_STRICT_OBJC_MSGSEND = YES;
				GCC_C_LANGUAGE_STANDARD = gnu11;
				GCC_NO_COMMON_BLOCKS = YES;
				GCC_WARN_64_TO_32_BIT_CONVERSION = YES;
				GCC_WARN_ABOUT_RETURN_TYPE = YES_ERROR;
				GCC_WARN_UNDECLARED_SELECTOR = YES;
				GCC_WARN_UNINITIALIZED_AUTOS = YES_AGGRESSIVE;
				GCC_WARN_UNUSED_FUNCTION = YES;
				GCC_WARN_UNUSED_VARIABLE = YES;
				IPHONEOS_DEPLOYMENT_TARGET = 12.1;
				MTL_ENABLE_DEBUG_INFO = NO;
				MTL_FAST_MATH = YES;
				SDKROOT = iphoneos;
				SWIFT_COMPILATION_MODE = wholemodule;
				SWIFT_OPTIMIZATION_LEVEL = "-O";
				VALIDATE_PRODUCT = YES;
			};
			name = Release;
		};
		34E44BD72206C29F00BEE26C /* Debug */ = {
			isa = XCBuildConfiguration;
			baseConfigurationReference = 3AF1CF2FA9DB1D807136B658 /* Pods-Weather.debug.xcconfig */;
			buildSettings = {
				ASSETCATALOG_COMPILER_APPICON_NAME = AppIcon;
				CODE_SIGN_STYLE = Automatic;
				DEVELOPMENT_TEAM = K6YREPMMF6;
				INFOPLIST_FILE = Weather/Info.plist;
				LD_RUNPATH_SEARCH_PATHS = (
					"$(inherited)",
					"@executable_path/Frameworks",
				);
				PRODUCT_BUNDLE_IDENTIFIER = com.bimalesh.Weather;
				PRODUCT_NAME = "$(TARGET_NAME)";
				SWIFT_VERSION = 4.2;
				TARGETED_DEVICE_FAMILY = 1;
			};
			name = Debug;
		};
		34E44BD82206C29F00BEE26C /* Release */ = {
			isa = XCBuildConfiguration;
			baseConfigurationReference = ECF91E48BEA37F9AA28F0A15 /* Pods-Weather.release.xcconfig */;
			buildSettings = {
				ASSETCATALOG_COMPILER_APPICON_NAME = AppIcon;
				CODE_SIGN_STYLE = Automatic;
				DEVELOPMENT_TEAM = K6YREPMMF6;
				INFOPLIST_FILE = Weather/Info.plist;
				LD_RUNPATH_SEARCH_PATHS = (
					"$(inherited)",
					"@executable_path/Frameworks",
				);
				PRODUCT_BUNDLE_IDENTIFIER = com.bimalesh.Weather;
				PRODUCT_NAME = "$(TARGET_NAME)";
				SWIFT_VERSION = 4.2;
				TARGETED_DEVICE_FAMILY = 1;
			};
			name = Release;
		};
/* End XCBuildConfiguration section */

/* Begin XCConfigurationList section */
		34E44BBC2206C29900BEE26C /* Build configuration list for PBXProject "Weather" */ = {
			isa = XCConfigurationList;
			buildConfigurations = (
				34E44BD42206C29F00BEE26C /* Debug */,
				34E44BD52206C29F00BEE26C /* Release */,
			);
			defaultConfigurationIsVisible = 0;
			defaultConfigurationName = Release;
		};
		34E44BD62206C29F00BEE26C /* Build configuration list for PBXNativeTarget "Weather" */ = {
			isa = XCConfigurationList;
			buildConfigurations = (
				34E44BD72206C29F00BEE26C /* Debug */,
				34E44BD82206C29F00BEE26C /* Release */,
			);
			defaultConfigurationIsVisible = 0;
			defaultConfigurationName = Release;
		};
/* End XCConfigurationList section */

/* Begin XCVersionGroup section */
		34E44BCB2206C29900BEE26C /* Weather.xcdatamodeld */ = {
			isa = XCVersionGroup;
			children = (
				34E44BCC2206C29900BEE26C /* Weather.xcdatamodel */,
			);
			currentVersion = 34E44BCC2206C29900BEE26C /* Weather.xcdatamodel */;
			path = Weather.xcdatamodeld;
			sourceTree = "<group>";
			versionGroupType = wrapper.xcdatamodel;
		};
/* End XCVersionGroup section */
	};
	rootObject = 34E44BB92206C29900BEE26C /* Project object */;
}
